<?xml version="1.0" encoding="utf-8"?>
<Project ToolsVersion="4.0" xmlns="http://schemas.microsoft.com/developer/msbuild/2003">
  <ItemGroup>
    <Filter Include="Source Files">
      <UniqueIdentifier>{4FC737F1-C7A5-4376-A066-2A32D752A2FF}</UniqueIdentifier>
      <Extensions>cpp;c;cc;cxx;def;odl;idl;hpj;bat;asm;asmx</Extensions>
    </Filter>
    <Filter Include="Header Files">
      <UniqueIdentifier>{93995380-89BD-4b04-88EB-625FBE52EBFB}</UniqueIdentifier>
      <Extensions>h;hh;hpp;hxx;hm;inl;inc;ipp;xsd</Extensions>
    </Filter>
    <Filter Include="Resource Files">
      <UniqueIdentifier>{67DA6AB6-F800-4c08-8B7A-83BB121AAD01}</UniqueIdentifier>
      <Extensions>rc;ico;cur;bmp;dlg;rc2;rct;bin;rgs;gif;jpg;jpeg;jpe;resx;tiff;tif;png;wav;mfcribbon-ms</Extensions>
    </Filter>
  </ItemGroup>
  <ItemGroup>
    <ClCompile Include="common\shader.cpp">
      <Filter>Source Files</Filter>
    </ClCompile>
    <ClCompile Include="renderables\BGQuad.cpp">
      <Filter>Source Files</Filter>
    </ClCompile>
    <ClCompile Include="renderables\Line.cpp">
      <Filter>Source Files</Filter>
    </ClCompile>
    <ClCompile Include="renderables\Points.cpp">
      <Filter>Source Files</Filter>
    </ClCompile>
    <ClCompile Include="renderables\RenderableObject.cpp">
      <Filter>Source Files</Filter>
    </ClCompile>
    <ClCompile Include="Render.cpp">
      <Filter>Source Files</Filter>
    </ClCompile>
    <ClCompile Include="Source.cpp">
      <Filter>Source Files</Filter>
    </ClCompile>
    <ClCompile Include="Main Classes\PassiveTree.cpp">
      <Filter>Source Files</Filter>
    </ClCompile>
    <ClCompile Include="renderables\TexturedQuad.cpp">
      <Filter>Source Files</Filter>
    </ClCompile>
    <ClCompile Include="renderables\CircleMaskQuad.cpp">
      <Filter>Source Files</Filter>
    </ClCompile>
  </ItemGroup>
  <ItemGroup>
    <ClInclude Include="common\shader.hpp">
      <Filter>Header Files</Filter>
    </ClInclude>
    <ClInclude Include="common\stb_image.h">
      <Filter>Header Files</Filter>
    </ClInclude>
    <ClInclude Include="renderables\BGQuad.h">
      <Filter>Header Files</Filter>
    </ClInclude>
    <ClInclude Include="renderables\Line.h">
      <Filter>Header Files</Filter>
    </ClInclude>
    <ClInclude Include="renderables\Points.h">
      <Filter>Header Files</Filter>
    </ClInclude>
    <ClInclude Include="renderables\RenderableObject.h">
      <Filter>Header Files</Filter>
    </ClInclude>
    <ClInclude Include="Render.h">
      <Filter>Header Files</Filter>
    </ClInclude>
    <ClInclude Include="Main Classes\PassiveTree.h">
      <Filter>Header Files</Filter>
    </ClInclude>
    <ClInclude Include="common\Debug.h">
      <Filter>Header Files</Filter>
    </ClInclude>
    <ClInclude Include="renderables\TexturedQuad.h">
      <Filter>Header Files</Filter>
    </ClInclude>
    <ClInclude Include="renderables\CircleMaskQuad.h">
      <Filter>Header Files</Filter>
    </ClInclude>
  </ItemGroup>
  <ItemGroup>
    <Image Include="images\Background1.png">
      <Filter>Resource Files</Filter>
    </Image>
    <Image Include="images\CircleMask.png">
      <Filter>Resource Files</Filter>
    </Image>
    <Image Include="CircleMask.png">
      <Filter>Resource Files</Filter>
    </Image>
    <Image Include="CircleMask16.png">
      <Filter>Resource Files</Filter>
    </Image>
  </ItemGroup>
  <ItemGroup>
    <None Include="shaders\SimpleColor.fragmentshader" />
    <None Include="shaders\SimpleFragmentShader.fragmentshader" />
    <None Include="shaders\SimpleTexture.fragmentshader" />
    <None Include="shaders\SimpleTexture.vertexshader" />
    <None Include="shaders\SimpleTransform.vertexshader" />
    <None Include="shaders\SimpleVertexShader.vertexshader" />
    <None Include="shaders\CircleMaskedTexture.fragmentshader" />
    <None Include="shaders\CircleMaskedTexture.vertexshader" />
  </ItemGroup>
  <ItemGroup>
    <Text Include="data.txt" />
  </ItemGroup>
</Project>